// !$*UTF8*$!
{
	archiveVersion = 1;
	classes = {
	};
	objectVersion = 51;
	objects = {

/* Begin PBXBuildFile section */
		A63827C63F2922B355750C8E /* Pods_ProjectA.framework in Frameworks */ = {isa = PBXBuildFile; fileRef = 30E1CD3AA86E7766B97BBB10 /* Pods_ProjectA.framework */; };
		FD10971D25F7471200C015BF /* AppDelegate.swift in Sources */ = {isa = PBXBuildFile; fileRef = FD10971C25F7471200C015BF /* AppDelegate.swift */; };
		FD10972625F7471600C015BF /* Assets.xcassets in Resources */ = {isa = PBXBuildFile; fileRef = FD10972525F7471600C015BF /* Assets.xcassets */; };
		FD10972925F7471600C015BF /* LaunchScreen.storyboard in Resources */ = {isa = PBXBuildFile; fileRef = FD10972725F7471600C015BF /* LaunchScreen.storyboard */; };
		FDDFAF3C25F779CD00D8A8E0 /* ProjectAModule.framework in Frameworks */ = {isa = PBXBuildFile; fileRef = FDDFAF3B25F779CD00D8A8E0 /* ProjectAModule.framework */; };
		FDDFAF3D25F779CD00D8A8E0 /* ProjectAModule.framework in Embed Frameworks */ = {isa = PBXBuildFile; fileRef = FDDFAF3B25F779CD00D8A8E0 /* ProjectAModule.framework */; settings = {ATTRIBUTES = (CodeSignOnCopy, RemoveHeadersOnCopy, ); }; };
/* End PBXBuildFile section */

/* Begin PBXCopyFilesBuildPhase section */
		FDDFAF3E25F779CD00D8A8E0 /* Embed Frameworks */ = {
			isa = PBXCopyFilesBuildPhase;
			buildActionMask = 2147483647;
			dstPath = "";
			dstSubfolderSpec = 10;
			files = (
				FDDFAF3D25F779CD00D8A8E0 /* ProjectAModule.framework in Embed Frameworks */,
			);
			name = "Embed Frameworks";
			runOnlyForDeploymentPostprocessing = 0;
		};
/* End PBXCopyFilesBuildPhase section */

/* Begin PBXFileReference section */
		0660EEB3CB5CBC8BB0ED849B /* Pods-ProjectA.release.xcconfig */ = {isa = PBXFileReference; includeInIndex = 1; lastKnownFileType = text.xcconfig; name = "Pods-ProjectA.release.xcconfig"; path = "Target Support Files/Pods-ProjectA/Pods-ProjectA.release.xcconfig"; sourceTree = "<group>"; };
		262C1AF0EABE6C0D433BC5F3 /* Pods-ProjectA.debug.xcconfig */ = {isa = PBXFileReference; includeInIndex = 1; lastKnownFileType = text.xcconfig; name = "Pods-ProjectA.debug.xcconfig"; path = "Target Support Files/Pods-ProjectA/Pods-ProjectA.debug.xcconfig"; sourceTree = "<group>"; };
		30E1CD3AA86E7766B97BBB10 /* Pods_ProjectA.framework */ = {isa = PBXFileReference; explicitFileType = wrapper.framework; includeInIndex = 0; path = Pods_ProjectA.framework; sourceTree = BUILT_PRODUCTS_DIR; };
		FD10971925F7471200C015BF /* ProjectA.app */ = {isa = PBXFileReference; explicitFileType = wrapper.application; includeInIndex = 0; path = ProjectA.app; sourceTree = BUILT_PRODUCTS_DIR; };
		FD10971C25F7471200C015BF /* AppDelegate.swift */ = {isa = PBXFileReference; lastKnownFileType = sourcecode.swift; path = AppDelegate.swift; sourceTree = "<group>"; };
		FD10972525F7471600C015BF /* Assets.xcassets */ = {isa = PBXFileReference; lastKnownFileType = folder.assetcatalog; path = Assets.xcassets; sourceTree = "<group>"; };
		FD10972825F7471600C015BF /* Base */ = {isa = PBXFileReference; lastKnownFileType = file.storyboard; name = Base; path = Base.lproj/LaunchScreen.storyboard; sourceTree = "<group>"; };
		FDDFAF3B25F779CD00D8A8E0 /* ProjectAModule.framework */ = {isa = PBXFileReference; explicitFileType = wrapper.framework; path = ProjectAModule.framework; sourceTree = BUILT_PRODUCTS_DIR; };
		FDDFAF5025F7832B00D8A8E0 /* Info.plist */ = {isa = PBXFileReference; fileEncoding = 4; lastKnownFileType = text.plist.xml; path = Info.plist; sourceTree = "<group>"; };
/* End PBXFileReference section */

/* Begin PBXFrameworksBuildPhase section */
		FD10971625F7471200C015BF /* Frameworks */ = {
			isa = PBXFrameworksBuildPhase;
			buildActionMask = 2147483647;
			files = (
				FDDFAF3C25F779CD00D8A8E0 /* ProjectAModule.framework in Frameworks */,
				A63827C63F2922B355750C8E /* Pods_ProjectA.framework in Frameworks */,
			);
			runOnlyForDeploymentPostprocessing = 0;
		};
/* End PBXFrameworksBuildPhase section */

/* Begin PBXGroup section */
		23A4B668C19D194FAD1EF057 /* Pods */ = {
			isa = PBXGroup;
			children = (
				262C1AF0EABE6C0D433BC5F3 /* Pods-ProjectA.debug.xcconfig */,
				0660EEB3CB5CBC8BB0ED849B /* Pods-ProjectA.release.xcconfig */,
			);
			path = Pods;
			sourceTree = "<group>";
		};
		3EC572C897A8AF4CA8E74512 /* Frameworks */ = {
			isa = PBXGroup;
			children = (
				FDDFAF3B25F779CD00D8A8E0 /* ProjectAModule.framework */,
				30E1CD3AA86E7766B97BBB10 /* Pods_ProjectA.framework */,
			);
			name = Frameworks;
			sourceTree = "<group>";
		};
		FD10971025F7471200C015BF = {
			isa = PBXGroup;
			children = (
				FD10971B25F7471200C015BF /* ProjectA */,
				FD10971A25F7471200C015BF /* Products */,
				23A4B668C19D194FAD1EF057 /* Pods */,
				3EC572C897A8AF4CA8E74512 /* Frameworks */,
			);
			sourceTree = "<group>";
		};
		FD10971A25F7471200C015BF /* Products */ = {
			isa = PBXGroup;
			children = (
				FD10971925F7471200C015BF /* ProjectA.app */,
			);
			name = Products;
			sourceTree = "<group>";
		};
		FD10971B25F7471200C015BF /* ProjectA */ = {
			isa = PBXGroup;
			children = (
				FD10971C25F7471200C015BF /* AppDelegate.swift */,
				FD10972525F7471600C015BF /* Assets.xcassets */,
				FD10972725F7471600C015BF /* LaunchScreen.storyboard */,
				FDDFAF5025F7832B00D8A8E0 /* Info.plist */,
			);
			path = ProjectA;
			sourceTree = "<group>";
		};
/* End PBXGroup section */

/* Begin PBXNativeTarget section */
		FD10971825F7471200C015BF /* ProjectA */ = {
			isa = PBXNativeTarget;
			buildConfigurationList = FD10972D25F7471600C015BF /* Build configuration list for PBXNativeTarget "ProjectA" */;
			buildPhases = (
				A4F270EEC05835659143BCF6 /* [CP] Check Pods Manifest.lock */,
				FD10971525F7471200C015BF /* Sources */,
				FD10971625F7471200C015BF /* Frameworks */,
				FD10971725F7471200C015BF /* Resources */,
				344F53640B12D5FF901E267D /* [CP] Embed Pods Frameworks */,
				FDDFAF3E25F779CD00D8A8E0 /* Embed Frameworks */,
			);
			buildRules = (
			);
			dependencies = (
			);
			name = ProjectA;
			productName = ProjectA;
			productReference = FD10971925F7471200C015BF /* ProjectA.app */;
			productType = "com.apple.product-type.application";
		};
/* End PBXNativeTarget section */

/* Begin PBXProject section */
		FD10971125F7471200C015BF /* Project object */ = {
			isa = PBXProject;
			attributes = {
				LastSwiftUpdateCheck = 1240;
				LastUpgradeCheck = 1240;
				TargetAttributes = {
					FD10971825F7471200C015BF = {
						CreatedOnToolsVersion = 12.4;
					};
				};
			};
			buildConfigurationList = FD10971425F7471200C015BF /* Build configuration list for PBXProject "ProjectA" */;
			compatibilityVersion = "Xcode 9.3";
			developmentRegion = en;
			hasScannedForEncodings = 0;
			knownRegions = (
				en,
				Base,
			);
			mainGroup = FD10971025F7471200C015BF;
			productRefGroup = FD10971A25F7471200C015BF /* Products */;
			projectDirPath = "";
			projectRoot = "";
			targets = (
				FD10971825F7471200C015BF /* ProjectA */,
			);
		};
/* End PBXProject section */

/* Begin PBXResourcesBuildPhase section */
		FD10971725F7471200C015BF /* Resources */ = {
			isa = PBXResourcesBuildPhase;
			buildActionMask = 2147483647;
			files = (
				FD10972925F7471600C015BF /* LaunchScreen.storyboard in Resources */,
				FD10972625F7471600C015BF /* Assets.xcassets in Resources */,
			);
			runOnlyForDeploymentPostprocessing = 0;
		};
/* End PBXResourcesBuildPhase section */

/* Begin PBXShellScriptBuildPhase section */
		344F53640B12D5FF901E267D /* [CP] Embed Pods Frameworks */ = {
			isa = PBXShellScriptBuildPhase;
			buildActionMask = 2147483647;
			files = (
			);
			inputFileListPaths = (
				"${PODS_ROOT}/Target Support Files/Pods-ProjectA/Pods-ProjectA-frameworks-${CONFIGURATION}-input-files.xcfilelist",
			);
			name = "[CP] Embed Pods Frameworks";
			outputFileListPaths = (
				"${PODS_ROOT}/Target Support Files/Pods-ProjectA/Pods-ProjectA-frameworks-${CONFIGURATION}-output-files.xcfilelist",
			);
			runOnlyForDeploymentPostprocessing = 0;
			shellPath = /bin/sh;
			shellScript = "\"${PODS_ROOT}/Target Support Files/Pods-ProjectA/Pods-ProjectA-frameworks.sh\"\n";
			showEnvVarsInLog = 0;
		};
		A4F270EEC05835659143BCF6 /* [CP] Check Pods Manifest.lock */ = {
			isa = PBXShellScriptBuildPhase;
			buildActionMask = 2147483647;
			files = (
			);
			inputFileListPaths = (
			);
			inputPaths = (
				"${PODS_PODFILE_DIR_PATH}/Podfile.lock",
				"${PODS_ROOT}/Manifest.lock",
			);
			name = "[CP] Check Pods Manifest.lock";
			outputFileListPaths = (
			);
			outputPaths = (
				"$(DERIVED_FILE_DIR)/Pods-ProjectA-checkManifestLockResult.txt",
			);
			runOnlyForDeploymentPostprocessing = 0;
			shellPath = /bin/sh;
			shellScript = "diff \"${PODS_PODFILE_DIR_PATH}/Podfile.lock\" \"${PODS_ROOT}/Manifest.lock\" > /dev/null\nif [ $? != 0 ] ; then\n    # print error to STDERR\n    echo \"error: The sandbox is not in sync with the Podfile.lock. Run 'pod install' or update your CocoaPods installation.\" >&2\n    exit 1\nfi\n# This output is used by Xcode 'outputs' to avoid re-running this script phase.\necho \"SUCCESS\" > \"${SCRIPT_OUTPUT_FILE_0}\"\n";
			showEnvVarsInLog = 0;
		};
/* End PBXShellScriptBuildPhase section */

/* Begin PBXSourcesBuildPhase section */
		FD10971525F7471200C015BF /* Sources */ = {
			isa = PBXSourcesBuildPhase;
			buildActionMask = 2147483647;
			files = (
				FD10971D25F7471200C015BF /* AppDelegate.swift in Sources */,
			);
			runOnlyForDeploymentPostprocessing = 0;
		};
/* End PBXSourcesBuildPhase section */

/* Begin PBXVariantGroup section */
		FD10972725F7471600C015BF /* LaunchScreen.storyboard */ = {
			isa = PBXVariantGroup;
			children = (
				FD10972825F7471600C015BF /* Base */,
			);
			name = LaunchScreen.storyboard;
			sourceTree = "<group>";
		};
/* End PBXVariantGroup section */

/* Begin XCBuildConfiguration section */
		FD10972B25F7471600C015BF /* Debug */ = {
			isa = XCBuildConfiguration;
			buildSettings = {
				ALWAYS_SEARCH_USER_PATHS = NO;
				CLANG_ANALYZER_NONNULL = YES;
				CLANG_ANALYZER_NUMBER_OBJECT_CONVERSION = YES_AGGRESSIVE;
				CLANG_CXX_LANGUAGE_STANDARD = "gnu++14";
				CLANG_CXX_LIBRARY = "libc++";
				CLANG_ENABLE_MODULES = YES;
				CLANG_ENABLE_OBJC_ARC = YES;
				CLANG_ENABLE_OBJC_WEAK = YES;
				CLANG_WARN_BLOCK_CAPTURE_AUTORELEASING = YES;
				CLANG_WARN_BOOL_CONVERSION = YES;
				CLANG_WARN_COMMA = YES;
				CLANG_WARN_CONSTANT_CONVERSION = YES;
				CLANG_WARN_DEPRECATED_OBJC_IMPLEMENTATIONS = YES;
				CLANG_WARN_DIRECT_OBJC_ISA_USAGE = YES_ERROR;
				CLANG_WARN_DOCUMENTATION_COMMENTS = YES;
				CLANG_WARN_EMPTY_BODY = YES;
				CLANG_WARN_ENUM_CONVERSION = YES;
				CLANG_WARN_INFINITE_RECURSION = YES;
				CLANG_WARN_INT_CONVERSION = YES;
				CLANG_WARN_NON_LITERAL_NULL_CONVERSION = YES;
				CLANG_WARN_OBJC_IMPLICIT_RETAIN_SELF = YES;
				CLANG_WARN_OBJC_LITERAL_CONVERSION = YES;
				CLANG_WARN_OBJC_ROOT_CLASS = YES_ERROR;
				CLANG_WARN_QUOTED_INCLUDE_IN_FRAMEWORK_HEADER = YES;
				CLANG_WARN_RANGE_LOOP_ANALYSIS = YES;
				CLANG_WARN_STRICT_PROTOTYPES = YES;
				CLANG_WARN_SUSPICIOUS_MOVE = YES;
				CLANG_WARN_UNGUARDED_AVAILABILITY = YES_AGGRESSIVE;
				CLANG_WARN_UNREACHABLE_CODE = YES;
				CLANG_WARN__DUPLICATE_METHOD_MATCH = YES;
				COPY_PHASE_STRIP = NO;
				DEBUG_INFORMATION_FORMAT = dwarf;
				ENABLE_STRICT_OBJC_MSGSEND = YES;
				ENABLE_TESTABILITY = YES;
				GCC_C_LANGUAGE_STANDARD = gnu11;
				GCC_DYNAMIC_NO_PIC = NO;
				GCC_NO_COMMON_BLOCKS = YES;
				GCC_OPTIMIZATION_LEVEL = 0;
				GCC_PREPROCESSOR_DEFINITIONS = (
					"DEBUG=1",
					"$(inherited)",
				);
				GCC_WARN_64_TO_32_BIT_CONVERSION = YES;
				GCC_WARN_ABOUT_RETURN_TYPE = YES_ERROR;
				GCC_WARN_UNDECLARED_SELECTOR = YES;
				GCC_WARN_UNINITIALIZED_AUTOS = YES_AGGRESSIVE;
				GCC_WARN_UNUSED_FUNCTION = YES;
				GCC_WARN_UNUSED_VARIABLE = YES;
				IPHONEOS_DEPLOYMENT_TARGET = 12.3;
				MTL_ENABLE_DEBUG_INFO = INCLUDE_SOURCE;
				MTL_FAST_MATH = YES;
				ONLY_ACTIVE_ARCH = YES;
				SDKROOT = iphoneos;
				SWIFT_ACTIVE_COMPILATION_CONDITIONS = DEBUG;
				SWIFT_OPTIMIZATION_LEVEL = "-Onone";
			};
			name = Debug;
		};
		FD10972C25F7471600C015BF /* Release */ = {
			isa = XCBuildConfiguration;
			buildSettings = {
				ALWAYS_SEARCH_USER_PATHS = NO;
				CLANG_ANALYZER_NONNULL = YES;
				CLANG_ANALYZER_NUMBER_OBJECT_CONVERSION = YES_AGGRESSIVE;
				CLANG_CXX_LANGUAGE_STANDARD = "gnu++14";
				CLANG_CXX_LIBRARY = "libc++";
				CLANG_ENABLE_MODULES = YES;
				CLANG_ENABLE_OBJC_ARC = YES;
				CLANG_ENABLE_OBJC_WEAK = YES;
				CLANG_WARN_BLOCK_CAPTURE_AUTORELEASING = YES;
				CLANG_WARN_BOOL_CONVERSION = YES;
				CLANG_WARN_COMMA = YES;
				CLANG_WARN_CONSTANT_CONVERSION = YES;
				CLANG_WARN_DEPRECATED_OBJC_IMPLEMENTATIONS = YES;
				CLANG_WARN_DIRECT_OBJC_ISA_USAGE = YES_ERROR;
				CLANG_WARN_DOCUMENTATION_COMMENTS = YES;
				CLANG_WARN_EMPTY_BODY = YES;
				CLANG_WARN_ENUM_CONVERSION = YES;
				CLANG_WARN_INFINITE_RECURSION = YES;
				CLANG_WARN_INT_CONVERSION = YES;
				CLANG_WARN_NON_LITERAL_NULL_CONVERSION = YES;
				CLANG_WARN_OBJC_IMPLICIT_RETAIN_SELF = YES;
				CLANG_WARN_OBJC_LITERAL_CONVERSION = YES;
				CLANG_WARN_OBJC_ROOT_CLASS = YES_ERROR;
				CLANG_WARN_QUOTED_INCLUDE_IN_FRAMEWORK_HEADER = YES;
				CLANG_WARN_RANGE_LOOP_ANALYSIS = YES;
				CLANG_WARN_STRICT_PROTOTYPES = YES;
				CLANG_WARN_SUSPICIOUS_MOVE = YES;
				CLANG_WARN_UNGUARDED_AVAILABILITY = YES_AGGRESSIVE;
				CLANG_WARN_UNREACHABLE_CODE = YES;
				CLANG_WARN__DUPLICATE_METHOD_MATCH = YES;
				COPY_PHASE_STRIP = NO;
				DEBUG_INFORMATION_FORMAT = "dwarf-with-dsym";
				ENABLE_NS_ASSERTIONS = NO;
				ENABLE_STRICT_OBJC_MSGSEND = YES;
				GCC_C_LANGUAGE_STANDARD = gnu11;
				GCC_NO_COMMON_BLOCKS = YES;
				GCC_WARN_64_TO_32_BIT_CONVERSION = YES;
				GCC_WARN_ABOUT_RETURN_TYPE = YES_ERROR;
				GCC_WARN_UNDECLARED_SELECTOR = YES;
				GCC_WARN_UNINITIALIZED_AUTOS = YES_AGGRESSIVE;
				GCC_WARN_UNUSED_FUNCTION = YES;
				GCC_WARN_UNUSED_VARIABLE = YES;
				IPHONEOS_DEPLOYMENT_TARGET = 12.3;
				MTL_ENABLE_DEBUG_INFO = NO;
				MTL_FAST_MATH = YES;
				SDKROOT = iphoneos;
				SWIFT_COMPILATION_MODE = wholemodule;
				SWIFT_OPTIMIZATION_LEVEL = "-O";
				VALIDATE_PRODUCT = YES;
			};
			name = Release;
		};
		FD10972E25F7471600C015BF /* Debug */ = {
			isa = XCBuildConfiguration;
			baseConfigurationReference = 262C1AF0EABE6C0D433BC5F3 /* Pods-ProjectA.debug.xcconfig */;
			buildSettings = {
				ASSETCATALOG_COMPILER_APPICON_NAME = AppIcon;
				ASSETCATALOG_COMPILER_GLOBAL_ACCENT_COLOR_NAME = AccentColor;
				CODE_SIGN_STYLE = Automatic;
				DEVELOPMENT_TEAM = RH4ADBYDUN;
				INFOPLIST_FILE = ProjectA/Info.plist;
				IPHONEOS_DEPLOYMENT_TARGET = 12.3;
				LD_RUNPATH_SEARCH_PATHS = (
					"$(inherited)",
					"@executable_path/Frameworks",
				);
				PRODUCT_BUNDLE_IDENTIFIER = test.ProjectA;
				PRODUCT_NAME = "$(TARGET_NAME)";
				SWIFT_VERSION = 5.0;
				TARGETED_DEVICE_FAMILY = "1,2";
			};
			name = Debug;
		};
		FD10972F25F7471600C015BF /* Release */ = {
			isa = XCBuildConfiguration;
			baseConfigurationReference = 0660EEB3CB5CBC8BB0ED849B /* Pods-ProjectA.release.xcconfig */;
			buildSettings = {
				ASSETCATALOG_COMPILER_APPICON_NAME = AppIcon;
				ASSETCATALOG_COMPILER_GLOBAL_ACCENT_COLOR_NAME = AccentColor;
				CODE_SIGN_STYLE = Automatic;
				DEVELOPMENT_TEAM = RH4ADBYDUN;
				INFOPLIST_FILE = ProjectA/Info.plist;
				IPHONEOS_DEPLOYMENT_TARGET = 12.3;
				LD_RUNPATH_SEARCH_PATHS = (
					"$(inherited)",
					"@executable_path/Frameworks",
				);
				PRODUCT_BUNDLE_IDENTIFIER = test.ProjectA;
				PRODUCT_NAME = "$(TARGET_NAME)";
				SWIFT_VERSION = 5.0;
				TARGETED_DEVICE_FAMILY = "1,2";
			};
			name = Release;
		};
/* End XCBuildConfiguration section */

/* Begin XCConfigurationList section */
		FD10971425F7471200C015BF /* Build configuration list for PBXProject "ProjectA" */ = {
			isa = XCConfigurationList;
			buildConfigurations = (
				FD10972B25F7471600C015BF /* Debug */,
				FD10972C25F7471600C015BF /* Release */,
			);
			defaultConfigurationIsVisible = 0;
			defaultConfigurationName = Release;
		};
		FD10972D25F7471600C015BF /* Build configuration list for PBXNativeTarget "ProjectA" */ = {
			isa = XCConfigurationList;
			buildConfigurations = (
				FD10972E25F7471600C015BF /* Debug */,
				FD10972F25F7471600C015BF /* Release */,
			);
			defaultConfigurationIsVisible = 0;
			defaultConfigurationName = Release;
		};
/* End XCConfigurationList section */
	};
	rootObject = FD10971125F7471200C015BF /* Project object */;
}
